{
  "requires": true,
  "lockfileVersion": 1,
  "dependencies": {
    "@types/jest": {
      "version": "23.3.12",
      "resolved": "https://registry.npmjs.org/@types/jest/-/jest-23.3.12.tgz",
      "integrity": "sha512-/kQvbVzdEpOq4tEWT79yAHSM4nH4xMlhJv2GrLVQt4Qmo8yYsPdioBM1QpN/2GX1wkfMnyXvdoftvLUr0LBj7Q=="
    }
  }
}
